Microsoft Visual Studio Solution File, Format Version 12.00
# Visual Studio Version 17
VisualStudioVersion = 17.5.2.0
MinimumVisualStudioVersion = 10.0.40219.1
Project("{FAE04EC0-301F-11D3-BF4B-00C04F79EFBC}") = "orientacao-a-objetos-com-polimorfismo", "orientacao-a-objetos-com-polimorfismo.csproj", "{DD6FB5C9-DF06-4DCE-7C58-03B6D17FEEC8}"
EndProject
Global
	GlobalSection(SolutionConfigurationPlatforms) = preSolution
		Debug|Any CPU = Debug|Any CPU
		Release|Any CPU = Release|Any CPU
	EndGlobalSection
	GlobalSection(ProjectConfigurationPlatforms) = postSolution
		{DD6FB5C9-DF06-4DCE-7C58-03B6D17FEEC8}.Debug|Any CPU.ActiveCfg = Debug|Any CPU
		{DD6FB5C9-DF06-4DCE-7C58-03B6D17FEEC8}.Debug|Any CPU.Build.0 = Debug|Any CPU
		{DD6FB5C9-DF06-4DCE-7C58-03B6D17FEEC8}.Release|Any CPU.ActiveCfg = Release|Any CPU
		{DD6FB5C9-DF06-4DCE-7C58-03B6D17FEEC8}.Release|Any CPU.Build.0 = Release|Any CPU
	EndGlobalSection
	GlobalSection(SolutionProperties) = preSolution
		HideSolutionNode = FALSE
	EndGlobalSection
	GlobalSection(ExtensibilityGlobals) = postSolution
		SolutionGuid = {C52D8567-A2B0-419D-9731-2FAFD3968D85}
	EndGlobalSection
EndGlobal
